// !$*UTF8*$!
{
	archiveVersion = 1;
	classes = {
	};
	objectVersion = 52;
	objects = {

/* Begin PBXBuildFile section */
		1230DA992719F2D8001008E4 /* AppDelegate.swift in Sources */ = {isa = PBXBuildFile; fileRef = 1230DA982719F2D8001008E4 /* AppDelegate.swift */; };
		1230DA9B2719F2D8001008E4 /* SceneDelegate.swift in Sources */ = {isa = PBXBuildFile; fileRef = 1230DA9A2719F2D8001008E4 /* SceneDelegate.swift */; };
		1230DA9D2719F2D8001008E4 /* SendCashViewController.swift in Sources */ = {isa = PBXBuildFile; fileRef = 1230DA9C2719F2D8001008E4 /* SendCashViewController.swift */; };
		1230DAA02719F2D8001008E4 /* Main.storyboard in Resources */ = {isa = PBXBuildFile; fileRef = 1230DA9E2719F2D8001008E4 /* Main.storyboard */; };
		1230DAA22719F2D9001008E4 /* Assets.xcassets in Resources */ = {isa = PBXBuildFile; fileRef = 1230DAA12719F2D9001008E4 /* Assets.xcassets */; };
		1230DAA52719F2D9001008E4 /* LaunchScreen.storyboard in Resources */ = {isa = PBXBuildFile; fileRef = 1230DAA32719F2D9001008E4 /* LaunchScreen.storyboard */; };
		1230DAB02719F5AA001008E4 /* DetailViewController.swift in Sources */ = {isa = PBXBuildFile; fileRef = 1230DAAF2719F5AA001008E4 /* DetailViewController.swift */; };
		1230DAB22719F6BC001008E4 /* Account.swift in Sources */ = {isa = PBXBuildFile; fileRef = 1230DAB12719F6BC001008E4 /* Account.swift */; };
		1230DAB62719FA03001008E4 /* NotificationCenterViewController.swift in Sources */ = {isa = PBXBuildFile; fileRef = 1230DAB52719FA03001008E4 /* NotificationCenterViewController.swift */; };
		1230DABD2719FF00001008E4 /* AViewController.swift in Sources */ = {isa = PBXBuildFile; fileRef = 1230DABC2719FF00001008E4 /* AViewController.swift */; };
		1230DAC12719FF3C001008E4 /* BViewController.swift in Sources */ = {isa = PBXBuildFile; fileRef = 1230DAC02719FF3C001008E4 /* BViewController.swift */; };
		1230DAC3271DE5C3001008E4 /* NetworkingViewController.swift in Sources */ = {isa = PBXBuildFile; fileRef = 1230DAC2271DE5C3001008E4 /* NetworkingViewController.swift */; };
		1230DAC7271DF154001008E4 /* Alamofire in Frameworks */ = {isa = PBXBuildFile; productRef = 1230DAC6271DF154001008E4 /* Alamofire */; };
		12BEBC44271DF32700971F2D /* AuthViewController.swift in Sources */ = {isa = PBXBuildFile; fileRef = 12BEBC43271DF32700971F2D /* AuthViewController.swift */; };
		12BEBC46271DF4F100971F2D /* FriendsViewController.swift in Sources */ = {isa = PBXBuildFile; fileRef = 12BEBC45271DF4F100971F2D /* FriendsViewController.swift */; };
		12BEBC48271DF7EA00971F2D /* Session.swift in Sources */ = {isa = PBXBuildFile; fileRef = 12BEBC47271DF7EA00971F2D /* Session.swift */; };
		12BEBC4C271DF94F00971F2D /* FriendsAPI.swift in Sources */ = {isa = PBXBuildFile; fileRef = 12BEBC4B271DF94F00971F2D /* FriendsAPI.swift */; };
		12BEBC4E271DFCCD00971F2D /* PhotoAPI.swift in Sources */ = {isa = PBXBuildFile; fileRef = 12BEBC4D271DFCCD00971F2D /* PhotoAPI.swift */; };
		12BEBC50271DFCDB00971F2D /* GroupsAPI.swift in Sources */ = {isa = PBXBuildFile; fileRef = 12BEBC4F271DFCDB00971F2D /* GroupsAPI.swift */; };
		25D197AA7EBBC837D562285C /* Pods_clientserver_1641.framework in Frameworks */ = {isa = PBXBuildFile; fileRef = 51EBC4AF3EA38C35A70D5793 /* Pods_clientserver_1641.framework */; };
/* End PBXBuildFile section */

/* Begin PBXFileReference section */
		1230DA952719F2D8001008E4 /* clientserver-1641.app */ = {isa = PBXFileReference; explicitFileType = wrapper.application; includeInIndex = 0; path = "clientserver-1641.app"; sourceTree = BUILT_PRODUCTS_DIR; };
		1230DA982719F2D8001008E4 /* AppDelegate.swift */ = {isa = PBXFileReference; lastKnownFileType = sourcecode.swift; path = AppDelegate.swift; sourceTree = "<group>"; };
		1230DA9A2719F2D8001008E4 /* SceneDelegate.swift */ = {isa = PBXFileReference; lastKnownFileType = sourcecode.swift; path = SceneDelegate.swift; sourceTree = "<group>"; };
		1230DA9C2719F2D8001008E4 /* SendCashViewController.swift */ = {isa = PBXFileReference; lastKnownFileType = sourcecode.swift; path = SendCashViewController.swift; sourceTree = "<group>"; };
		1230DA9F2719F2D8001008E4 /* Base */ = {isa = PBXFileReference; lastKnownFileType = file.storyboard; name = Base; path = Base.lproj/Main.storyboard; sourceTree = "<group>"; };
		1230DAA12719F2D9001008E4 /* Assets.xcassets */ = {isa = PBXFileReference; lastKnownFileType = folder.assetcatalog; path = Assets.xcassets; sourceTree = "<group>"; };
		1230DAA42719F2D9001008E4 /* Base */ = {isa = PBXFileReference; lastKnownFileType = file.storyboard; name = Base; path = Base.lproj/LaunchScreen.storyboard; sourceTree = "<group>"; };
		1230DAA62719F2D9001008E4 /* Info.plist */ = {isa = PBXFileReference; lastKnownFileType = text.plist.xml; path = Info.plist; sourceTree = "<group>"; };
		1230DAAF2719F5AA001008E4 /* DetailViewController.swift */ = {isa = PBXFileReference; lastKnownFileType = sourcecode.swift; path = DetailViewController.swift; sourceTree = "<group>"; };
		1230DAB12719F6BC001008E4 /* Account.swift */ = {isa = PBXFileReference; lastKnownFileType = sourcecode.swift; path = Account.swift; sourceTree = "<group>"; };
		1230DAB52719FA03001008E4 /* NotificationCenterViewController.swift */ = {isa = PBXFileReference; lastKnownFileType = sourcecode.swift; path = NotificationCenterViewController.swift; sourceTree = "<group>"; };
		1230DABC2719FF00001008E4 /* AViewController.swift */ = {isa = PBXFileReference; lastKnownFileType = sourcecode.swift; path = AViewController.swift; sourceTree = "<group>"; };
		1230DAC02719FF3C001008E4 /* BViewController.swift */ = {isa = PBXFileReference; lastKnownFileType = sourcecode.swift; path = BViewController.swift; sourceTree = "<group>"; };
		1230DAC2271DE5C3001008E4 /* NetworkingViewController.swift */ = {isa = PBXFileReference; lastKnownFileType = sourcecode.swift; path = NetworkingViewController.swift; sourceTree = "<group>"; };
		12BEBC43271DF32700971F2D /* AuthViewController.swift */ = {isa = PBXFileReference; lastKnownFileType = sourcecode.swift; path = AuthViewController.swift; sourceTree = "<group>"; };
		12BEBC45271DF4F100971F2D /* FriendsViewController.swift */ = {isa = PBXFileReference; lastKnownFileType = sourcecode.swift; path = FriendsViewController.swift; sourceTree = "<group>"; };
		12BEBC47271DF7EA00971F2D /* Session.swift */ = {isa = PBXFileReference; lastKnownFileType = sourcecode.swift; path = Session.swift; sourceTree = "<group>"; };
		12BEBC4B271DF94F00971F2D /* FriendsAPI.swift */ = {isa = PBXFileReference; lastKnownFileType = sourcecode.swift; path = FriendsAPI.swift; sourceTree = "<group>"; };
		12BEBC4D271DFCCD00971F2D /* PhotoAPI.swift */ = {isa = PBXFileReference; lastKnownFileType = sourcecode.swift; path = PhotoAPI.swift; sourceTree = "<group>"; };
		12BEBC4F271DFCDB00971F2D /* GroupsAPI.swift */ = {isa = PBXFileReference; lastKnownFileType = sourcecode.swift; path = GroupsAPI.swift; sourceTree = "<group>"; };
		44D46B9897DDE8670A2AE8B5 /* Pods-clientserver-1641.release.xcconfig */ = {isa = PBXFileReference; includeInIndex = 1; lastKnownFileType = text.xcconfig; name = "Pods-clientserver-1641.release.xcconfig"; path = "Target Support Files/Pods-clientserver-1641/Pods-clientserver-1641.release.xcconfig"; sourceTree = "<group>"; };
		51EBC4AF3EA38C35A70D5793 /* Pods_clientserver_1641.framework */ = {isa = PBXFileReference; explicitFileType = wrapper.framework; includeInIndex = 0; path = Pods_clientserver_1641.framework; sourceTree = BUILT_PRODUCTS_DIR; };
		E54A4C78B70BD0846EF583BA /* Pods-clientserver-1641.debug.xcconfig */ = {isa = PBXFileReference; includeInIndex = 1; lastKnownFileType = text.xcconfig; name = "Pods-clientserver-1641.debug.xcconfig"; path = "Target Support Files/Pods-clientserver-1641/Pods-clientserver-1641.debug.xcconfig"; sourceTree = "<group>"; };
/* End PBXFileReference section */

/* Begin PBXFrameworksBuildPhase section */
		1230DA922719F2D8001008E4 /* Frameworks */ = {
			isa = PBXFrameworksBuildPhase;
			buildActionMask = 2147483647;
			files = (
				1230DAC7271DF154001008E4 /* Alamofire in Frameworks */,
				25D197AA7EBBC837D562285C /* Pods_clientserver_1641.framework in Frameworks */,
			);
			runOnlyForDeploymentPostprocessing = 0;
		};
/* End PBXFrameworksBuildPhase section */

/* Begin PBXGroup section */
		1230DA8C2719F2D8001008E4 = {
			isa = PBXGroup;
			children = (
				1230DA972719F2D8001008E4 /* clientserver-1641 */,
				1230DA962719F2D8001008E4 /* Products */,
				8F286F47347F2E1BAD608F06 /* Frameworks */,
				417838818C611AF96A6C2D39 /* Pods */,
			);
			sourceTree = "<group>";
		};
		1230DA962719F2D8001008E4 /* Products */ = {
			isa = PBXGroup;
			children = (
				1230DA952719F2D8001008E4 /* clientserver-1641.app */,
			);
			name = Products;
			sourceTree = "<group>";
		};
		1230DA972719F2D8001008E4 /* clientserver-1641 */ = {
			isa = PBXGroup;
			children = (
				1230DAAC2719F3D3001008E4 /* App */,
				12BEBC42271DF30C00971F2D /* vk-api */,
				1230DAC4271DE5C8001008E4 /* Lesson-2 */,
				1230DAAE2719F567001008E4 /* Lesson-1 */,
				1230DAAD2719F3DE001008E4 /* Resources */,
			);
			path = "clientserver-1641";
			sourceTree = "<group>";
		};
		1230DAAC2719F3D3001008E4 /* App */ = {
			isa = PBXGroup;
			children = (
				1230DA982719F2D8001008E4 /* AppDelegate.swift */,
				1230DA9A2719F2D8001008E4 /* SceneDelegate.swift */,
			);
			path = App;
			sourceTree = "<group>";
		};
		1230DAAD2719F3DE001008E4 /* Resources */ = {
			isa = PBXGroup;
			children = (
				1230DA9E2719F2D8001008E4 /* Main.storyboard */,
				1230DAA12719F2D9001008E4 /* Assets.xcassets */,
				1230DAA32719F2D9001008E4 /* LaunchScreen.storyboard */,
				1230DAA62719F2D9001008E4 /* Info.plist */,
			);
			path = Resources;
			sourceTree = "<group>";
		};
		1230DAAE2719F567001008E4 /* Lesson-1 */ = {
			isa = PBXGroup;
			children = (
				1230DAB72719FE29001008E4 /* Delegate */,
				1230DAB42719F9E6001008E4 /* Observer - NotificationCenter */,
				1230DAB32719F9DA001008E4 /* Singleton */,
			);
			path = "Lesson-1";
			sourceTree = "<group>";
		};
		1230DAB32719F9DA001008E4 /* Singleton */ = {
			isa = PBXGroup;
			children = (
				1230DA9C2719F2D8001008E4 /* SendCashViewController.swift */,
				1230DAAF2719F5AA001008E4 /* DetailViewController.swift */,
				1230DAB12719F6BC001008E4 /* Account.swift */,
			);
			path = Singleton;
			sourceTree = "<group>";
		};
		1230DAB42719F9E6001008E4 /* Observer - NotificationCenter */ = {
			isa = PBXGroup;
			children = (
				1230DAB52719FA03001008E4 /* NotificationCenterViewController.swift */,
			);
			path = "Observer - NotificationCenter";
			sourceTree = "<group>";
		};
		1230DAB72719FE29001008E4 /* Delegate */ = {
			isa = PBXGroup;
			children = (
				1230DABC2719FF00001008E4 /* AViewController.swift */,
				1230DAC02719FF3C001008E4 /* BViewController.swift */,
			);
			path = Delegate;
			sourceTree = "<group>";
		};
		1230DAC4271DE5C8001008E4 /* Lesson-2 */ = {
			isa = PBXGroup;
			children = (
				1230DAC2271DE5C3001008E4 /* NetworkingViewController.swift */,
			);
			path = "Lesson-2";
			sourceTree = "<group>";
		};
		12BEBC42271DF30C00971F2D /* vk-api */ = {
			isa = PBXGroup;
			children = (
				12BEBC49271DF92300971F2D /* Modules */,
				12BEBC4A271DF92E00971F2D /* Services */,
			);
			path = "vk-api";
			sourceTree = "<group>";
		};
		12BEBC49271DF92300971F2D /* Modules */ = {
			isa = PBXGroup;
			children = (
				12BEBC43271DF32700971F2D /* AuthViewController.swift */,
				12BEBC45271DF4F100971F2D /* FriendsViewController.swift */,
			);
			path = Modules;
			sourceTree = "<group>";
		};
		12BEBC4A271DF92E00971F2D /* Services */ = {
			isa = PBXGroup;
			children = (
				12BEBC47271DF7EA00971F2D /* Session.swift */,
				12BEBC4B271DF94F00971F2D /* FriendsAPI.swift */,
				12BEBC4F271DFCDB00971F2D /* GroupsAPI.swift */,
				12BEBC4D271DFCCD00971F2D /* PhotoAPI.swift */,
			);
			path = Services;
			sourceTree = "<group>";
		};
		417838818C611AF96A6C2D39 /* Pods */ = {
			isa = PBXGroup;
			children = (
				E54A4C78B70BD0846EF583BA /* Pods-clientserver-1641.debug.xcconfig */,
				44D46B9897DDE8670A2AE8B5 /* Pods-clientserver-1641.release.xcconfig */,
			);
			path = Pods;
			sourceTree = "<group>";
		};
		8F286F47347F2E1BAD608F06 /* Frameworks */ = {
			isa = PBXGroup;
			children = (
				51EBC4AF3EA38C35A70D5793 /* Pods_clientserver_1641.framework */,
			);
			name = Frameworks;
			sourceTree = "<group>";
		};
/* End PBXGroup section */

/* Begin PBXNativeTarget section */
		1230DA942719F2D8001008E4 /* clientserver-1641 */ = {
			isa = PBXNativeTarget;
			buildConfigurationList = 1230DAA92719F2D9001008E4 /* Build configuration list for PBXNativeTarget "clientserver-1641" */;
			buildPhases = (
				784EE282F6F13F8BF17051A7 /* [CP] Check Pods Manifest.lock */,
				1230DA912719F2D8001008E4 /* Sources */,
				1230DA922719F2D8001008E4 /* Frameworks */,
				1230DA932719F2D8001008E4 /* Resources */,
			);
			buildRules = (
			);
			dependencies = (
			);
			name = "clientserver-1641";
			packageProductDependencies = (
				1230DAC6271DF154001008E4 /* Alamofire */,
			);
			productName = "clientserver-1641";
			productReference = 1230DA952719F2D8001008E4 /* clientserver-1641.app */;
			productType = "com.apple.product-type.application";
		};
/* End PBXNativeTarget section */

/* Begin PBXProject section */
		1230DA8D2719F2D8001008E4 /* Project object */ = {
			isa = PBXProject;
			attributes = {
				LastSwiftUpdateCheck = 1250;
				LastUpgradeCheck = 1250;
				TargetAttributes = {
					1230DA942719F2D8001008E4 = {
						CreatedOnToolsVersion = 12.5;
					};
				};
			};
			buildConfigurationList = 1230DA902719F2D8001008E4 /* Build configuration list for PBXProject "clientserver-1641" */;
			compatibilityVersion = "Xcode 9.3";
			developmentRegion = en;
			hasScannedForEncodings = 0;
			knownRegions = (
				en,
				Base,
			);
			mainGroup = 1230DA8C2719F2D8001008E4;
			packageReferences = (
				1230DAC5271DF154001008E4 /* XCRemoteSwiftPackageReference "Alamofire" */,
			);
			productRefGroup = 1230DA962719F2D8001008E4 /* Products */;
			projectDirPath = "";
			projectRoot = "";
			targets = (
				1230DA942719F2D8001008E4 /* clientserver-1641 */,
			);
		};
/* End PBXProject section */

/* Begin PBXResourcesBuildPhase section */
		1230DA932719F2D8001008E4 /* Resources */ = {
			isa = PBXResourcesBuildPhase;
			buildActionMask = 2147483647;
			files = (
				1230DAA52719F2D9001008E4 /* LaunchScreen.storyboard in Resources */,
				1230DAA22719F2D9001008E4 /* Assets.xcassets in Resources */,
				1230DAA02719F2D8001008E4 /* Main.storyboard in Resources */,
			);
			runOnlyForDeploymentPostprocessing = 0;
		};
/* End PBXResourcesBuildPhase section */

/* Begin PBXShellScriptBuildPhase section */
		784EE282F6F13F8BF17051A7 /* [CP] Check Pods Manifest.lock */ = {
			isa = PBXShellScriptBuildPhase;
			buildActionMask = 2147483647;
			files = (
			);
			inputFileListPaths = (
			);
			inputPaths = (
				"${PODS_PODFILE_DIR_PATH}/Podfile.lock",
				"${PODS_ROOT}/Manifest.lock",
			);
			name = "[CP] Check Pods Manifest.lock";
			outputFileListPaths = (
			);
			outputPaths = (
				"$(DERIVED_FILE_DIR)/Pods-clientserver-1641-checkManifestLockResult.txt",
			);
			runOnlyForDeploymentPostprocessing = 0;
			shellPath = /bin/sh;
			shellScript = "diff \"${PODS_PODFILE_DIR_PATH}/Podfile.lock\" \"${PODS_ROOT}/Manifest.lock\" > /dev/null\nif [ $? != 0 ] ; then\n    # print error to STDERR\n    echo \"error: The sandbox is not in sync with the Podfile.lock. Run 'pod install' or update your CocoaPods installation.\" >&2\n    exit 1\nfi\n# This output is used by Xcode 'outputs' to avoid re-running this script phase.\necho \"SUCCESS\" > \"${SCRIPT_OUTPUT_FILE_0}\"\n";
			showEnvVarsInLog = 0;
		};
/* End PBXShellScriptBuildPhase section */

/* Begin PBXSourcesBuildPhase section */
		1230DA912719F2D8001008E4 /* Sources */ = {
			isa = PBXSourcesBuildPhase;
			buildActionMask = 2147483647;
			files = (
				1230DAB62719FA03001008E4 /* NotificationCenterViewController.swift in Sources */,
				1230DAC12719FF3C001008E4 /* BViewController.swift in Sources */,
				12BEBC44271DF32700971F2D /* AuthViewController.swift in Sources */,
				12BEBC50271DFCDB00971F2D /* GroupsAPI.swift in Sources */,
				1230DAC3271DE5C3001008E4 /* NetworkingViewController.swift in Sources */,
				1230DAB22719F6BC001008E4 /* Account.swift in Sources */,
				1230DA9D2719F2D8001008E4 /* SendCashViewController.swift in Sources */,
				12BEBC46271DF4F100971F2D /* FriendsViewController.swift in Sources */,
				1230DA992719F2D8001008E4 /* AppDelegate.swift in Sources */,
				12BEBC48271DF7EA00971F2D /* Session.swift in Sources */,
				1230DA9B2719F2D8001008E4 /* SceneDelegate.swift in Sources */,
				1230DABD2719FF00001008E4 /* AViewController.swift in Sources */,
				12BEBC4E271DFCCD00971F2D /* PhotoAPI.swift in Sources */,
				1230DAB02719F5AA001008E4 /* DetailViewController.swift in Sources */,
				12BEBC4C271DF94F00971F2D /* FriendsAPI.swift in Sources */,
			);
			runOnlyForDeploymentPostprocessing = 0;
		};
/* End PBXSourcesBuildPhase section */

/* Begin PBXVariantGroup section */
		1230DA9E2719F2D8001008E4 /* Main.storyboard */ = {
			isa = PBXVariantGroup;
			children = (
				1230DA9F2719F2D8001008E4 /* Base */,
			);
			name = Main.storyboard;
			sourceTree = "<group>";
		};
		1230DAA32719F2D9001008E4 /* LaunchScreen.storyboard */ = {
			isa = PBXVariantGroup;
			children = (
				1230DAA42719F2D9001008E4 /* Base */,
			);
			name = LaunchScreen.storyboard;
			sourceTree = "<group>";
		};
/* End PBXVariantGroup section */

/* Begin XCBuildConfiguration section */
		1230DAA72719F2D9001008E4 /* Debug */ = {
			isa = XCBuildConfiguration;
			buildSettings = {
				ALWAYS_SEARCH_USER_PATHS = NO;
				CLANG_ANALYZER_NONNULL = YES;
				CLANG_ANALYZER_NUMBER_OBJECT_CONVERSION = YES_AGGRESSIVE;
				CLANG_CXX_LANGUAGE_STANDARD = "gnu++14";
				CLANG_CXX_LIBRARY = "libc++";
				CLANG_ENABLE_MODULES = YES;
				CLANG_ENABLE_OBJC_ARC = YES;
				CLANG_ENABLE_OBJC_WEAK = YES;
				CLANG_WARN_BLOCK_CAPTURE_AUTORELEASING = YES;
				CLANG_WARN_BOOL_CONVERSION = YES;
				CLANG_WARN_COMMA = YES;
				CLANG_WARN_CONSTANT_CONVERSION = YES;
				CLANG_WARN_DEPRECATED_OBJC_IMPLEMENTATIONS = YES;
				CLANG_WARN_DIRECT_OBJC_ISA_USAGE = YES_ERROR;
				CLANG_WARN_DOCUMENTATION_COMMENTS = YES;
				CLANG_WARN_EMPTY_BODY = YES;
				CLANG_WARN_ENUM_CONVERSION = YES;
				CLANG_WARN_INFINITE_RECURSION = YES;
				CLANG_WARN_INT_CONVERSION = YES;
				CLANG_WARN_NON_LITERAL_NULL_CONVERSION = YES;
				CLANG_WARN_OBJC_IMPLICIT_RETAIN_SELF = YES;
				CLANG_WARN_OBJC_LITERAL_CONVERSION = YES;
				CLANG_WARN_OBJC_ROOT_CLASS = YES_ERROR;
				CLANG_WARN_QUOTED_INCLUDE_IN_FRAMEWORK_HEADER = YES;
				CLANG_WARN_RANGE_LOOP_ANALYSIS = YES;
				CLANG_WARN_STRICT_PROTOTYPES = YES;
				CLANG_WARN_SUSPICIOUS_MOVE = YES;
				CLANG_WARN_UNGUARDED_AVAILABILITY = YES_AGGRESSIVE;
				CLANG_WARN_UNREACHABLE_CODE = YES;
				CLANG_WARN__DUPLICATE_METHOD_MATCH = YES;
				COPY_PHASE_STRIP = NO;
				DEBUG_INFORMATION_FORMAT = dwarf;
				ENABLE_STRICT_OBJC_MSGSEND = YES;
				ENABLE_TESTABILITY = YES;
				GCC_C_LANGUAGE_STANDARD = gnu11;
				GCC_DYNAMIC_NO_PIC = NO;
				GCC_NO_COMMON_BLOCKS = YES;
				GCC_OPTIMIZATION_LEVEL = 0;
				GCC_PREPROCESSOR_DEFINITIONS = (
					"DEBUG=1",
					"$(inherited)",
				);
				GCC_WARN_64_TO_32_BIT_CONVERSION = YES;
				GCC_WARN_ABOUT_RETURN_TYPE = YES_ERROR;
				GCC_WARN_UNDECLARED_SELECTOR = YES;
				GCC_WARN_UNINITIALIZED_AUTOS = YES_AGGRESSIVE;
				GCC_WARN_UNUSED_FUNCTION = YES;
				GCC_WARN_UNUSED_VARIABLE = YES;
				IPHONEOS_DEPLOYMENT_TARGET = 14.5;
				MTL_ENABLE_DEBUG_INFO = INCLUDE_SOURCE;
				MTL_FAST_MATH = YES;
				ONLY_ACTIVE_ARCH = YES;
				SDKROOT = iphoneos;
				SWIFT_ACTIVE_COMPILATION_CONDITIONS = DEBUG;
				SWIFT_OPTIMIZATION_LEVEL = "-Onone";
			};
			name = Debug;
		};
		1230DAA82719F2D9001008E4 /* Release */ = {
			isa = XCBuildConfiguration;
			buildSettings = {
				ALWAYS_SEARCH_USER_PATHS = NO;
				CLANG_ANALYZER_NONNULL = YES;
				CLANG_ANALYZER_NUMBER_OBJECT_CONVERSION = YES_AGGRESSIVE;
				CLANG_CXX_LANGUAGE_STANDARD = "gnu++14";
				CLANG_CXX_LIBRARY = "libc++";
				CLANG_ENABLE_MODULES = YES;
				CLANG_ENABLE_OBJC_ARC = YES;
				CLANG_ENABLE_OBJC_WEAK = YES;
				CLANG_WARN_BLOCK_CAPTURE_AUTORELEASING = YES;
				CLANG_WARN_BOOL_CONVERSION = YES;
				CLANG_WARN_COMMA = YES;
				CLANG_WARN_CONSTANT_CONVERSION = YES;
				CLANG_WARN_DEPRECATED_OBJC_IMPLEMENTATIONS = YES;
				CLANG_WARN_DIRECT_OBJC_ISA_USAGE = YES_ERROR;
				CLANG_WARN_DOCUMENTATION_COMMENTS = YES;
				CLANG_WARN_EMPTY_BODY = YES;
				CLANG_WARN_ENUM_CONVERSION = YES;
				CLANG_WARN_INFINITE_RECURSION = YES;
				CLANG_WARN_INT_CONVERSION = YES;
				CLANG_WARN_NON_LITERAL_NULL_CONVERSION = YES;
				CLANG_WARN_OBJC_IMPLICIT_RETAIN_SELF = YES;
				CLANG_WARN_OBJC_LITERAL_CONVERSION = YES;
				CLANG_WARN_OBJC_ROOT_CLASS = YES_ERROR;
				CLANG_WARN_QUOTED_INCLUDE_IN_FRAMEWORK_HEADER = YES;
				CLANG_WARN_RANGE_LOOP_ANALYSIS = YES;
				CLANG_WARN_STRICT_PROTOTYPES = YES;
				CLANG_WARN_SUSPICIOUS_MOVE = YES;
				CLANG_WARN_UNGUARDED_AVAILABILITY = YES_AGGRESSIVE;
				CLANG_WARN_UNREACHABLE_CODE = YES;
				CLANG_WARN__DUPLICATE_METHOD_MATCH = YES;
				COPY_PHASE_STRIP = NO;
				DEBUG_INFORMATION_FORMAT = "dwarf-with-dsym";
				ENABLE_NS_ASSERTIONS = NO;
				ENABLE_STRICT_OBJC_MSGSEND = YES;
				GCC_C_LANGUAGE_STANDARD = gnu11;
				GCC_NO_COMMON_BLOCKS = YES;
				GCC_WARN_64_TO_32_BIT_CONVERSION = YES;
				GCC_WARN_ABOUT_RETURN_TYPE = YES_ERROR;
				GCC_WARN_UNDECLARED_SELECTOR = YES;
				GCC_WARN_UNINITIALIZED_AUTOS = YES_AGGRESSIVE;
				GCC_WARN_UNUSED_FUNCTION = YES;
				GCC_WARN_UNUSED_VARIABLE = YES;
				IPHONEOS_DEPLOYMENT_TARGET = 14.5;
				MTL_ENABLE_DEBUG_INFO = NO;
				MTL_FAST_MATH = YES;
				SDKROOT = iphoneos;
				SWIFT_COMPILATION_MODE = wholemodule;
				SWIFT_OPTIMIZATION_LEVEL = "-O";
				VALIDATE_PRODUCT = YES;
			};
			name = Release;
		};
		1230DAAA2719F2D9001008E4 /* Debug */ = {
			isa = XCBuildConfiguration;
			baseConfigurationReference = E54A4C78B70BD0846EF583BA /* Pods-clientserver-1641.debug.xcconfig */;
			buildSettings = {
				ASSETCATALOG_COMPILER_APPICON_NAME = AppIcon;
				ASSETCATALOG_COMPILER_GLOBAL_ACCENT_COLOR_NAME = AccentColor;
				CODE_SIGN_STYLE = Automatic;
				DEVELOPMENT_TEAM = 77XX2PXRV7;
				INFOPLIST_FILE = "clientserver-1641/Resources/Info.plist";
				LD_RUNPATH_SEARCH_PATHS = (
					"$(inherited)",
					"@executable_path/Frameworks",
				);
				PRODUCT_BUNDLE_IDENTIFIER = "com.arturlector.clientserver-1641";
				PRODUCT_NAME = "$(TARGET_NAME)";
				SWIFT_VERSION = 5.0;
				TARGETED_DEVICE_FAMILY = "1,2";
			};
			name = Debug;
		};
		1230DAAB2719F2D9001008E4 /* Release */ = {
			isa = XCBuildConfiguration;
			baseConfigurationReference = 44D46B9897DDE8670A2AE8B5 /* Pods-clientserver-1641.release.xcconfig */;
			buildSettings = {
				ASSETCATALOG_COMPILER_APPICON_NAME = AppIcon;
				ASSETCATALOG_COMPILER_GLOBAL_ACCENT_COLOR_NAME = AccentColor;
				CODE_SIGN_STYLE = Automatic;
				DEVELOPMENT_TEAM = 77XX2PXRV7;
				INFOPLIST_FILE = "clientserver-1641/Resources/Info.plist";
				LD_RUNPATH_SEARCH_PATHS = (
					"$(inherited)",
					"@executable_path/Frameworks",
				);
				PRODUCT_BUNDLE_IDENTIFIER = "com.arturlector.clientserver-1641";
				PRODUCT_NAME = "$(TARGET_NAME)";
				SWIFT_VERSION = 5.0;
				TARGETED_DEVICE_FAMILY = "1,2";
			};
			name = Release;
		};
/* End XCBuildConfiguration section */

/* Begin XCConfigurationList section */
		1230DA902719F2D8001008E4 /* Build configuration list for PBXProject "clientserver-1641" */ = {
			isa = XCConfigurationList;
			buildConfigurations = (
				1230DAA72719F2D9001008E4 /* Debug */,
				1230DAA82719F2D9001008E4 /* Release */,
			);
			defaultConfigurationIsVisible = 0;
			defaultConfigurationName = Release;
		};
		1230DAA92719F2D9001008E4 /* Build configuration list for PBXNativeTarget "clientserver-1641" */ = {
			isa = XCConfigurationList;
			buildConfigurations = (
				1230DAAA2719F2D9001008E4 /* Debug */,
				1230DAAB2719F2D9001008E4 /* Release */,
			);
			defaultConfigurationIsVisible = 0;
			defaultConfigurationName = Release;
		};
/* End XCConfigurationList section */

/* Begin XCRemoteSwiftPackageReference section */
		1230DAC5271DF154001008E4 /* XCRemoteSwiftPackageReference "Alamofire" */ = {
			isa = XCRemoteSwiftPackageReference;
			repositoryURL = "https://github.com/Alamofire/Alamofire.git";
			requirement = {
				kind = upToNextMajorVersion;
				minimumVersion = 5.4.4;
			};
		};
/* End XCRemoteSwiftPackageReference section */

/* Begin XCSwiftPackageProductDependency section */
		1230DAC6271DF154001008E4 /* Alamofire */ = {
			isa = XCSwiftPackageProductDependency;
			package = 1230DAC5271DF154001008E4 /* XCRemoteSwiftPackageReference "Alamofire" */;
			productName = Alamofire;
		};
/* End XCSwiftPackageProductDependency section */
	};
	rootObject = 1230DA8D2719F2D8001008E4 /* Project object */;
}
